
Microsoft Visual Studio Solution File, Format Version 12.00
# Visual Studio Version 17
VisualStudioVersion = 17.5.002.0
MinimumVisualStudioVersion = 10.0.40219.1
Project("{9A19103F-16F7-4668-BE54-9A1E7A4F7556}") = "AdventDay3", "AdventDay3.csproj", "{1E08F9E1-5B0A-4EDC-B7D3-EE9C2E3A1916}"
EndProject
Global
	GlobalSection(SolutionConfigurationPlatforms) = preSolution
		Debug|Any CPU = Debug|Any CPU
		Release|Any CPU = Release|Any CPU
	EndGlobalSection
	GlobalSection(ProjectConfigurationPlatforms) = postSolution
		{1E08F9E1-5B0A-4EDC-B7D3-EE9C2E3A1916}.Debug|Any CPU.ActiveCfg = Debug|Any CPU
		{1E08F9E1-5B0A-4EDC-B7D3-EE9C2E3A1916}.Debug|Any CPU.Build.0 = Debug|Any CPU
		{1E08F9E1-5B0A-4EDC-B7D3-EE9C2E3A1916}.Release|Any CPU.ActiveCfg = Release|Any CPU
		{1E08F9E1-5B0A-4EDC-B7D3-EE9C2E3A1916}.Release|Any CPU.Build.0 = Release|Any CPU
	EndGlobalSection
	GlobalSection(SolutionProperties) = preSolution
		HideSolutionNode = FALSE
	EndGlobalSection
	GlobalSection(ExtensibilityGlobals) = postSolution
		SolutionGuid = {A4706190-923C-465B-917D-88BEF1AB6F75}
	EndGlobalSection
EndGlobal
